
Microsoft Visual Studio Solution File, Format Version 11.00
# Visual Studio 2010
Project("{FAE04EC0-301F-11D3-BF4B-00C04F79EFBC}") = "Assembly-CSharp", "Assembly-CSharp.csproj", "{7B1A0CD1-3BAC-8ACC-F981-7E84DC1BD3BA}"
EndProject
Project("{FAE04EC0-301F-11D3-BF4B-00C04F79EFBC}") = "Assembly-CSharp-Editor", "Assembly-CSharp-Editor.csproj", "{11DED373-14EF-C547-6B55-E0F0B23042A3}"
EndProject
Global
	GlobalSection(SolutionConfigurationPlatforms) = preSolution
		Debug|Any CPU = Debug|Any CPU
		Release|Any CPU = Release|Any CPU
	EndGlobalSection
	GlobalSection(ProjectConfigurationPlatforms) = postSolution
		{7B1A0CD1-3BAC-8ACC-F981-7E84DC1BD3BA}.Debug|Any CPU.ActiveCfg = Debug|Any CPU
		{7B1A0CD1-3BAC-8ACC-F981-7E84DC1BD3BA}.Debug|Any CPU.Build.0 = Debug|Any CPU
		{7B1A0CD1-3BAC-8ACC-F981-7E84DC1BD3BA}.Release|Any CPU.ActiveCfg = Release|Any CPU
		{7B1A0CD1-3BAC-8ACC-F981-7E84DC1BD3BA}.Release|Any CPU.Build.0 = Release|Any CPU
		{11DED373-14EF-C547-6B55-E0F0B23042A3}.Debug|Any CPU.ActiveCfg = Debug|Any CPU
		{11DED373-14EF-C547-6B55-E0F0B23042A3}.Debug|Any CPU.Build.0 = Debug|Any CPU
		{11DED373-14EF-C547-6B55-E0F0B23042A3}.Release|Any CPU.ActiveCfg = Release|Any CPU
		{11DED373-14EF-C547-6B55-E0F0B23042A3}.Release|Any CPU.Build.0 = Release|Any CPU
	EndGlobalSection
	GlobalSection(SolutionProperties) = preSolution
		HideSolutionNode = FALSE
	EndGlobalSection
	GlobalSection(MonoDevelopProperties) = preSolution
		StartupItem = Assembly-CSharp.csproj
	EndGlobalSection
EndGlobal
